
Microsoft Visual Studio Solution File, Format Version 12.00
# Visual Studio Version 17
VisualStudioVersion = 17.2.32519.379
MinimumVisualStudioVersion = 10.0.40219.1
Project("{FAE04EC0-301F-11D3-BF4B-00C04F79EFBC}") = "Практика День 1 ПКС-20 Османов", "Практика День 1 ПКС-20 Османов\Практика День 1 ПКС-20 Османов.csproj", "{FC809EE0-50CE-43FD-ABFA-F1EC76D92291}"
EndProject
Global
	GlobalSection(SolutionConfigurationPlatforms) = preSolution
		Debug|Any CPU = Debug|Any CPU
		Release|Any CPU = Release|Any CPU
	EndGlobalSection
	GlobalSection(ProjectConfigurationPlatforms) = postSolution
		{FC809EE0-50CE-43FD-ABFA-F1EC76D92291}.Debug|Any CPU.ActiveCfg = Debug|Any CPU
		{FC809EE0-50CE-43FD-ABFA-F1EC76D92291}.Debug|Any CPU.Build.0 = Debug|Any CPU
		{FC809EE0-50CE-43FD-ABFA-F1EC76D92291}.Release|Any CPU.ActiveCfg = Release|Any CPU
		{FC809EE0-50CE-43FD-ABFA-F1EC76D92291}.Release|Any CPU.Build.0 = Release|Any CPU
	EndGlobalSection
	GlobalSection(SolutionProperties) = preSolution
		HideSolutionNode = FALSE
	EndGlobalSection
	GlobalSection(ExtensibilityGlobals) = postSolution
		SolutionGuid = {F348C617-BF4C-4A36-B414-AC2FA361AB31}
	EndGlobalSection
EndGlobal
